
Microsoft Visual Studio Solution File, Format Version 12.00
# Visual Studio Version 16
VisualStudioVersion = 16.0.30711.63
MinimumVisualStudioVersion = 10.0.40219.1
Project("{FAE04EC0-301F-11D3-BF4B-00C04F79EFBC}") = "PoyectoGuiasTuristicos", "PoyectoGuiasTuristicos\PoyectoGuiasTuristicos.csproj", "{79A59A46-7BBA-4D02-ABE3-E4D67FC0C53F}"
EndProject
Global
	GlobalSection(SolutionConfigurationPlatforms) = preSolution
		Debug|Any CPU = Debug|Any CPU
		Release|Any CPU = Release|Any CPU
	EndGlobalSection
	GlobalSection(ProjectConfigurationPlatforms) = postSolution
		{79A59A46-7BBA-4D02-ABE3-E4D67FC0C53F}.Debug|Any CPU.ActiveCfg = Debug|Any CPU
		{79A59A46-7BBA-4D02-ABE3-E4D67FC0C53F}.Debug|Any CPU.Build.0 = Debug|Any CPU
		{79A59A46-7BBA-4D02-ABE3-E4D67FC0C53F}.Release|Any CPU.ActiveCfg = Release|Any CPU
		{79A59A46-7BBA-4D02-ABE3-E4D67FC0C53F}.Release|Any CPU.Build.0 = Release|Any CPU
	EndGlobalSection
	GlobalSection(SolutionProperties) = preSolution
		HideSolutionNode = FALSE
	EndGlobalSection
	GlobalSection(ExtensibilityGlobals) = postSolution
		SolutionGuid = {AD5AFEFF-B65A-43EB-9B7E-059CCD56A531}
	EndGlobalSection
EndGlobal
